
Microsoft Visual Studio Solution File, Format Version 12.00
# Visual Studio Version 16
VisualStudioVersion = 16.0.29728.190
MinimumVisualStudioVersion = 10.0.40219.1
Project("{FAE04EC0-301F-11D3-BF4B-00C04F79EFBC}") = "Circustrein.Form", "Circustrein\Circustrein.Form.csproj", "{8F64D294-5263-4758-8C06-E9E2673C64B4}"
EndProject
Project("{9A19103F-16F7-4668-BE54-9A1E7A4F7556}") = "Circustrein.Test", "Circustrein tests\Circustrein.Test.csproj", "{F5196B88-6C58-4BAE-A107-F6D1788C431B}"
EndProject
Project("{FAE04EC0-301F-11D3-BF4B-00C04F79EFBC}") = "Circustrein.Library", "Circustrein.Library\Circustrein.Library.csproj", "{FF4FDD43-D4F5-4812-9B7B-BA5A8C0B0CF0}"
EndProject
Global
	GlobalSection(SolutionConfigurationPlatforms) = preSolution
		Debug|Any CPU = Debug|Any CPU
		Release|Any CPU = Release|Any CPU
	EndGlobalSection
	GlobalSection(ProjectConfigurationPlatforms) = postSolution
		{8F64D294-5263-4758-8C06-E9E2673C64B4}.Debug|Any CPU.ActiveCfg = Debug|Any CPU
		{8F64D294-5263-4758-8C06-E9E2673C64B4}.Debug|Any CPU.Build.0 = Debug|Any CPU
		{8F64D294-5263-4758-8C06-E9E2673C64B4}.Release|Any CPU.ActiveCfg = Release|Any CPU
		{8F64D294-5263-4758-8C06-E9E2673C64B4}.Release|Any CPU.Build.0 = Release|Any CPU
		{F5196B88-6C58-4BAE-A107-F6D1788C431B}.Debug|Any CPU.ActiveCfg = Debug|Any CPU
		{F5196B88-6C58-4BAE-A107-F6D1788C431B}.Debug|Any CPU.Build.0 = Debug|Any CPU
		{F5196B88-6C58-4BAE-A107-F6D1788C431B}.Release|Any CPU.ActiveCfg = Release|Any CPU
		{F5196B88-6C58-4BAE-A107-F6D1788C431B}.Release|Any CPU.Build.0 = Release|Any CPU
		{FF4FDD43-D4F5-4812-9B7B-BA5A8C0B0CF0}.Debug|Any CPU.ActiveCfg = Debug|Any CPU
		{FF4FDD43-D4F5-4812-9B7B-BA5A8C0B0CF0}.Debug|Any CPU.Build.0 = Debug|Any CPU
		{FF4FDD43-D4F5-4812-9B7B-BA5A8C0B0CF0}.Release|Any CPU.ActiveCfg = Release|Any CPU
		{FF4FDD43-D4F5-4812-9B7B-BA5A8C0B0CF0}.Release|Any CPU.Build.0 = Release|Any CPU
	EndGlobalSection
	GlobalSection(SolutionProperties) = preSolution
		HideSolutionNode = FALSE
	EndGlobalSection
	GlobalSection(ExtensibilityGlobals) = postSolution
		SolutionGuid = {88683130-057D-4517-80E3-23F475BFE3BC}
	EndGlobalSection
EndGlobal
